// !$*UTF8*$!
{
	archiveVersion = 1;
	classes = {
	};
	objectVersion = 77;
	objects = {

/* Begin PBXBuildFile section */
		068382FC2FC6D6B800FEECA2 /* MeshLLM in Frameworks */ = {isa = PBXBuildFile; productRef = 111122223333444455556666 /* MeshLLM */; };
		068382FD2FC6D6B800FEECA2 /* Sparkle in Frameworks */ = {isa = PBXBuildFile; productRef = 7777888899990000AAAABBBB /* Sparkle */; };
/* End PBXBuildFile section */

/* Begin PBXContainerItemProxy section */
		A1B2C3D4E5F60006A1B2C3D4 /* PBXContainerItemProxy */ = {
			isa = PBXContainerItemProxy;
			containerPortal = 062434702FBAD1900072DF1E /* Project object */;
			proxyType = 1;
			remoteGlobalIDString = 062434772FBAD1900072DF1E;
			remoteInfo = orbit;
		};
		A1B2C3D4E5F60011A1B2C3D4 /* PBXContainerItemProxy */ = {
			isa = PBXContainerItemProxy;
			containerPortal = 062434702FBAD1900072DF1E /* Project object */;
			proxyType = 1;
			remoteGlobalIDString = 062434772FBAD1900072DF1E;
			remoteInfo = orbit;
		};
/* End PBXContainerItemProxy section */

/* Begin PBXFileReference section */
		062434782FBAD1900072DF1E /* orbit.app */ = {isa = PBXFileReference; explicitFileType = wrapper.application; includeInIndex = 0; path = orbit.app; sourceTree = BUILT_PRODUCTS_DIR; };
		A1B2C3D4E5F60001A1B2C3D4 /* OrbitTests.xctest */ = {isa = PBXFileReference; explicitFileType = wrapper.cfbundle; includeInIndex = 0; path = OrbitTests.xctest; sourceTree = BUILT_PRODUCTS_DIR; };
		A1B2C3D4E5F6000CA1B2C3D4 /* OrbitUITests.xctest */ = {isa = PBXFileReference; explicitFileType = wrapper.cfbundle; includeInIndex = 0; path = OrbitUITests.xctest; sourceTree = BUILT_PRODUCTS_DIR; };
/* End PBXFileReference section */

/* Begin PBXFileSystemSynchronizedRootGroup section */
		0624347A2FBAD1900072DF1E /* orbit */ = {
			isa = PBXFileSystemSynchronizedRootGroup;
			path = orbit;
			sourceTree = "<group>";
		};
		A1B2C3D4E5F60002A1B2C3D4 /* OrbitTests */ = {
			isa = PBXFileSystemSynchronizedRootGroup;
			path = OrbitTests;
			sourceTree = "<group>";
		};
		A1B2C3D4E5F6000DA1B2C3D4 /* OrbitUITests */ = {
			isa = PBXFileSystemSynchronizedRootGroup;
			path = OrbitUITests;
			sourceTree = "<group>";
		};
/* End PBXFileSystemSynchronizedRootGroup section */

/* Begin PBXFrameworksBuildPhase section */
		062434752FBAD1900072DF1E /* Frameworks */ = {
			isa = PBXFrameworksBuildPhase;
			buildActionMask = 2147483647;
			files = (
				068382FD2FC6D6B800FEECA2 /* Sparkle in Frameworks */,
				068382FC2FC6D6B800FEECA2 /* MeshLLM in Frameworks */,
			);
			runOnlyForDeploymentPostprocessing = 0;
		};
		A1B2C3D4E5F60004A1B2C3D4 /* Frameworks */ = {
			isa = PBXFrameworksBuildPhase;
			buildActionMask = 2147483647;
			files = (
			);
			runOnlyForDeploymentPostprocessing = 0;
		};
		A1B2C3D4E5F6000FA1B2C3D4 /* Frameworks */ = {
			isa = PBXFrameworksBuildPhase;
			buildActionMask = 2147483647;
			files = (
			);
			runOnlyForDeploymentPostprocessing = 0;
		};
/* End PBXFrameworksBuildPhase section */

/* Begin PBXGroup section */
		0624346F2FBAD1900072DF1E = {
			isa = PBXGroup;
			children = (
				0624347A2FBAD1900072DF1E /* orbit */,
				A1B2C3D4E5F60002A1B2C3D4 /* OrbitTests */,
				A1B2C3D4E5F6000DA1B2C3D4 /* OrbitUITests */,
				062434792FBAD1900072DF1E /* Products */,
			);
			sourceTree = "<group>";
		};
		062434792FBAD1900072DF1E /* Products */ = {
			isa = PBXGroup;
			children = (
				062434782FBAD1900072DF1E /* orbit.app */,
				A1B2C3D4E5F60001A1B2C3D4 /* OrbitTests.xctest */,
				A1B2C3D4E5F6000CA1B2C3D4 /* OrbitUITests.xctest */,
			);
			name = Products;
			sourceTree = "<group>";
		};
/* End PBXGroup section */

/* Begin PBXNativeTarget section */
		062434772FBAD1900072DF1E /* orbit */ = {
			isa = PBXNativeTarget;
			buildConfigurationList = 062434832FBAD1910072DF1E /* Build configuration list for PBXNativeTarget "orbit" */;
			buildPhases = (
				062434742FBAD1900072DF1E /* Sources */,
				062434752FBAD1900072DF1E /* Frameworks */,
				062434762FBAD1900072DF1E /* Resources */,
				AA11BB22CC33DD44EE55FF66 /* Strip Static XCFrameworks */,
			);
			buildRules = (
			);
			dependencies = (
			);
			fileSystemSynchronizedGroups = (
				0624347A2FBAD1900072DF1E /* orbit */,
			);
			name = orbit;
			packageProductDependencies = (
				111122223333444455556666 /* MeshLLM */,
				7777888899990000AAAABBBB /* Sparkle */,
			);
			productName = orbit;
			productReference = 062434782FBAD1900072DF1E /* orbit.app */;
			productType = "com.apple.product-type.application";
		};
		A1B2C3D4E5F6000BA1B2C3D4 /* OrbitTests */ = {
			isa = PBXNativeTarget;
			buildConfigurationList = A1B2C3D4E5F6000AA1B2C3D4 /* Build configuration list for PBXNativeTarget "OrbitTests" */;
			buildPhases = (
				A1B2C3D4E5F60003A1B2C3D4 /* Sources */,
				A1B2C3D4E5F60004A1B2C3D4 /* Frameworks */,
				A1B2C3D4E5F60005A1B2C3D4 /* Resources */,
			);
			buildRules = (
			);
			dependencies = (
				A1B2C3D4E5F60007A1B2C3D4 /* PBXTargetDependency */,
			);
			fileSystemSynchronizedGroups = (
				A1B2C3D4E5F60002A1B2C3D4 /* OrbitTests */,
			);
			name = OrbitTests;
			packageProductDependencies = (
			);
			productName = OrbitTests;
			productReference = A1B2C3D4E5F60001A1B2C3D4 /* OrbitTests.xctest */;
			productType = "com.apple.product-type.bundle.unit-test";
		};
		A1B2C3D4E5F60016A1B2C3D4 /* OrbitUITests */ = {
			isa = PBXNativeTarget;
			buildConfigurationList = A1B2C3D4E5F60015A1B2C3D4 /* Build configuration list for PBXNativeTarget "OrbitUITests" */;
			buildPhases = (
				A1B2C3D4E5F6000EA1B2C3D4 /* Sources */,
				A1B2C3D4E5F6000FA1B2C3D4 /* Frameworks */,
				A1B2C3D4E5F60010A1B2C3D4 /* Resources */,
			);
			buildRules = (
			);
			dependencies = (
				A1B2C3D4E5F60012A1B2C3D4 /* PBXTargetDependency */,
			);
			fileSystemSynchronizedGroups = (
				A1B2C3D4E5F6000DA1B2C3D4 /* OrbitUITests */,
			);
			name = OrbitUITests;
			packageProductDependencies = (
			);
			productName = OrbitUITests;
			productReference = A1B2C3D4E5F6000CA1B2C3D4 /* OrbitUITests.xctest */;
			productType = "com.apple.product-type.bundle.ui-testing";
		};
/* End PBXNativeTarget section */

/* Begin PBXProject section */
		062434702FBAD1900072DF1E /* Project object */ = {
			isa = PBXProject;
			attributes = {
				BuildIndependentTargetsInParallel = 1;
				LastSwiftUpdateCheck = 2650;
				LastUpgradeCheck = 2650;
				TargetAttributes = {
					062434772FBAD1900072DF1E = {
						CreatedOnToolsVersion = 26.5;
					};
				};
			};
			buildConfigurationList = 062434732FBAD1900072DF1E /* Build configuration list for PBXProject "orbit" */;
			developmentRegion = en;
			hasScannedForEncodings = 0;
			knownRegions = (
				en,
				Base,
			);
			mainGroup = 0624346F2FBAD1900072DF1E;
			minimizedProjectReferenceProxies = 1;
			packageReferences = (
				ABCD1234ABCD1234ABCD1234 /* XCRemoteSwiftPackageReference "mesh-llm" */,
				DCBA4321DCBA4321DCBA4321 /* XCRemoteSwiftPackageReference "Sparkle" */,
			);
			preferredProjectObjectVersion = 77;
			productRefGroup = 062434792FBAD1900072DF1E /* Products */;
			projectDirPath = "";
			projectRoot = "";
			targets = (
				062434772FBAD1900072DF1E /* orbit */,
				A1B2C3D4E5F6000BA1B2C3D4 /* OrbitTests */,
				A1B2C3D4E5F60016A1B2C3D4 /* OrbitUITests */,
			);
		};
/* End PBXProject section */

/* Begin PBXResourcesBuildPhase section */
		062434762FBAD1900072DF1E /* Resources */ = {
			isa = PBXResourcesBuildPhase;
			buildActionMask = 2147483647;
			files = (
			);
			runOnlyForDeploymentPostprocessing = 0;
		};
		A1B2C3D4E5F60005A1B2C3D4 /* Resources */ = {
			isa = PBXResourcesBuildPhase;
			buildActionMask = 2147483647;
			files = (
			);
			runOnlyForDeploymentPostprocessing = 0;
		};
		A1B2C3D4E5F60010A1B2C3D4 /* Resources */ = {
			isa = PBXResourcesBuildPhase;
			buildActionMask = 2147483647;
			files = (
			);
			runOnlyForDeploymentPostprocessing = 0;
		};
/* End PBXResourcesBuildPhase section */

/* Begin PBXShellScriptBuildPhase section */
		AA11BB22CC33DD44EE55FF66 /* Strip Static XCFrameworks */ = {
			isa = PBXShellScriptBuildPhase;
			buildActionMask = 2147483647;
			files = (
			);
			inputFileListPaths = (
			);
			inputPaths = (
			);
			name = "Strip Static XCFrameworks";
			outputFileListPaths = (
			);
			outputPaths = (
			);
			runOnlyForDeploymentPostprocessing = 0;
			shellPath = /bin/sh;
			shellScript = "# MeshLLMFFI is a static xcframework — its symbols are already linked into\n# the main binary. Xcode incorrectly embeds it in Contents/Frameworks/ anyway,\n# which breaks code signing (codesign cannot re-sign a static archive bundle).\n# Remove it here, after the Embed Frameworks phase, before signing.\nFW=\"${CODESIGNING_FOLDER_PATH}/Contents/Frameworks/MeshLLMFFI.framework\"\nif [ -d \"$FW\" ]; then\n    echo \"Removing embedded static framework: $FW\"\n    rm -rf \"$FW\"\nfi\n";
		};
/* End PBXShellScriptBuildPhase section */

/* Begin PBXSourcesBuildPhase section */
		062434742FBAD1900072DF1E /* Sources */ = {
			isa = PBXSourcesBuildPhase;
			buildActionMask = 2147483647;
			files = (
			);
			runOnlyForDeploymentPostprocessing = 0;
		};
		A1B2C3D4E5F60003A1B2C3D4 /* Sources */ = {
			isa = PBXSourcesBuildPhase;
			buildActionMask = 2147483647;
			files = (
			);
			runOnlyForDeploymentPostprocessing = 0;
		};
		A1B2C3D4E5F6000EA1B2C3D4 /* Sources */ = {
			isa = PBXSourcesBuildPhase;
			buildActionMask = 2147483647;
			files = (
			);
			runOnlyForDeploymentPostprocessing = 0;
		};
/* End PBXSourcesBuildPhase section */

/* Begin PBXTargetDependency section */
		A1B2C3D4E5F60007A1B2C3D4 /* PBXTargetDependency */ = {
			isa = PBXTargetDependency;
			target = 062434772FBAD1900072DF1E /* orbit */;
			targetProxy = A1B2C3D4E5F60006A1B2C3D4 /* PBXContainerItemProxy */;
		};
		A1B2C3D4E5F60012A1B2C3D4 /* PBXTargetDependency */ = {
			isa = PBXTargetDependency;
			target = 062434772FBAD1900072DF1E /* orbit */;
			targetProxy = A1B2C3D4E5F60011A1B2C3D4 /* PBXContainerItemProxy */;
		};
/* End PBXTargetDependency section */

/* Begin XCBuildConfiguration section */
		062434812FBAD1910072DF1E /* Debug */ = {
			isa = XCBuildConfiguration;
			buildSettings = {
				ALWAYS_SEARCH_USER_PATHS = NO;
				ASSETCATALOG_COMPILER_GENERATE_SWIFT_ASSET_SYMBOL_EXTENSIONS = YES;
				CLANG_ANALYZER_NONNULL = YES;
				CLANG_ANALYZER_NUMBER_OBJECT_CONVERSION = YES_AGGRESSIVE;
				CLANG_CXX_LANGUAGE_STANDARD = "gnu++20";
				CLANG_ENABLE_MODULES = YES;
				CLANG_ENABLE_OBJC_ARC = YES;
				CLANG_ENABLE_OBJC_WEAK = YES;
				CLANG_WARN_BLOCK_CAPTURE_AUTORELEASING = YES;
				CLANG_WARN_BOOL_CONVERSION = YES;
				CLANG_WARN_COMMA = YES;
				CLANG_WARN_CONSTANT_CONVERSION = YES;
				CLANG_WARN_DEPRECATED_OBJC_IMPLEMENTATIONS = YES;
				CLANG_WARN_DIRECT_OBJC_ISA_USAGE = YES_ERROR;
				CLANG_WARN_DOCUMENTATION_COMMENTS = YES;
				CLANG_WARN_EMPTY_BODY = YES;
				CLANG_WARN_ENUM_CONVERSION = YES;
				CLANG_WARN_INFINITE_RECURSION = YES;
				CLANG_WARN_INT_CONVERSION = YES;
				CLANG_WARN_NON_LITERAL_NULL_CONVERSION = YES;
				CLANG_WARN_OBJC_IMPLICIT_RETAIN_SELF = YES;
				CLANG_WARN_OBJC_LITERAL_CONVERSION = YES;
				CLANG_WARN_OBJC_ROOT_CLASS = YES_ERROR;
				CLANG_WARN_QUOTED_INCLUDE_IN_FRAMEWORK_HEADER = YES;
				CLANG_WARN_RANGE_LOOP_ANALYSIS = YES;
				CLANG_WARN_STRICT_PROTOTYPES = YES;
				CLANG_WARN_SUSPICIOUS_MOVE = YES;
				CLANG_WARN_UNGUARDED_AVAILABILITY = YES_AGGRESSIVE;
				CLANG_WARN_UNREACHABLE_CODE = YES;
				CLANG_WARN__DUPLICATE_METHOD_MATCH = YES;
				COPY_PHASE_STRIP = NO;
				DEBUG_INFORMATION_FORMAT = dwarf;
				ENABLE_STRICT_OBJC_MSGSEND = YES;
				ENABLE_TESTABILITY = YES;
				ENABLE_USER_SCRIPT_SANDBOXING = YES;
				GCC_C_LANGUAGE_STANDARD = gnu17;
				GCC_DYNAMIC_NO_PIC = NO;
				GCC_NO_COMMON_BLOCKS = YES;
				GCC_OPTIMIZATION_LEVEL = 0;
				GCC_PREPROCESSOR_DEFINITIONS = (
					"DEBUG=1",
					"$(inherited)",
				);
				GCC_WARN_64_TO_32_BIT_CONVERSION = YES;
				GCC_WARN_ABOUT_RETURN_TYPE = YES_ERROR;
				GCC_WARN_UNDECLARED_SELECTOR = YES;
				GCC_WARN_UNINITIALIZED_AUTOS = YES_AGGRESSIVE;
				GCC_WARN_UNUSED_FUNCTION = YES;
				GCC_WARN_UNUSED_VARIABLE = YES;
				LOCALIZATION_PREFERS_STRING_CATALOGS = YES;
				MTL_ENABLE_DEBUG_INFO = INCLUDE_SOURCE;
				MTL_FAST_MATH = YES;
				ONLY_ACTIVE_ARCH = YES;
				SWIFT_ACTIVE_COMPILATION_CONDITIONS = "DEBUG $(inherited)";
				SWIFT_OPTIMIZATION_LEVEL = "-Onone";
			};
			name = Debug;
		};
		062434822FBAD1910072DF1E /* Release */ = {
			isa = XCBuildConfiguration;
			buildSettings = {
				ALWAYS_SEARCH_USER_PATHS = NO;
				ASSETCATALOG_COMPILER_GENERATE_SWIFT_ASSET_SYMBOL_EXTENSIONS = YES;
				CLANG_ANALYZER_NONNULL = YES;
				CLANG_ANALYZER_NUMBER_OBJECT_CONVERSION = YES_AGGRESSIVE;
				CLANG_CXX_LANGUAGE_STANDARD = "gnu++20";
				CLANG_ENABLE_MODULES = YES;
				CLANG_ENABLE_OBJC_ARC = YES;
				CLANG_ENABLE_OBJC_WEAK = YES;
				CLANG_WARN_BLOCK_CAPTURE_AUTORELEASING = YES;
				CLANG_WARN_BOOL_CONVERSION = YES;
				CLANG_WARN_COMMA = YES;
				CLANG_WARN_CONSTANT_CONVERSION = YES;
				CLANG_WARN_DEPRECATED_OBJC_IMPLEMENTATIONS = YES;
				CLANG_WARN_DIRECT_OBJC_ISA_USAGE = YES_ERROR;
				CLANG_WARN_DOCUMENTATION_COMMENTS = YES;
				CLANG_WARN_EMPTY_BODY = YES;
				CLANG_WARN_ENUM_CONVERSION = YES;
				CLANG_WARN_INFINITE_RECURSION = YES;
				CLANG_WARN_INT_CONVERSION = YES;
				CLANG_WARN_NON_LITERAL_NULL_CONVERSION = YES;
				CLANG_WARN_OBJC_IMPLICIT_RETAIN_SELF = YES;
				CLANG_WARN_OBJC_LITERAL_CONVERSION = YES;
				CLANG_WARN_OBJC_ROOT_CLASS = YES_ERROR;
				CLANG_WARN_QUOTED_INCLUDE_IN_FRAMEWORK_HEADER = YES;
				CLANG_WARN_RANGE_LOOP_ANALYSIS = YES;
				CLANG_WARN_STRICT_PROTOTYPES = YES;
				CLANG_WARN_SUSPICIOUS_MOVE = YES;
				CLANG_WARN_UNGUARDED_AVAILABILITY = YES_AGGRESSIVE;
				CLANG_WARN_UNREACHABLE_CODE = YES;
				CLANG_WARN__DUPLICATE_METHOD_MATCH = YES;
				COPY_PHASE_STRIP = NO;
				DEBUG_INFORMATION_FORMAT = "dwarf-with-dsym";
				ENABLE_NS_ASSERTIONS = NO;
				ENABLE_STRICT_OBJC_MSGSEND = YES;
				ENABLE_USER_SCRIPT_SANDBOXING = YES;
				EXCLUDED_ARCHS = x86_64;
				GCC_C_LANGUAGE_STANDARD = gnu17;
				GCC_NO_COMMON_BLOCKS = YES;
				GCC_WARN_64_TO_32_BIT_CONVERSION = YES;
				GCC_WARN_ABOUT_RETURN_TYPE = YES_ERROR;
				GCC_WARN_UNDECLARED_SELECTOR = YES;
				GCC_WARN_UNINITIALIZED_AUTOS = YES_AGGRESSIVE;
				GCC_WARN_UNUSED_FUNCTION = YES;
				GCC_WARN_UNUSED_VARIABLE = YES;
				LOCALIZATION_PREFERS_STRING_CATALOGS = YES;
				MTL_ENABLE_DEBUG_INFO = NO;
				MTL_FAST_MATH = YES;
				SWIFT_COMPILATION_MODE = wholemodule;
			};
			name = Release;
		};
		062434842FBAD1910072DF1E /* Debug */ = {
			isa = XCBuildConfiguration;
			buildSettings = {
				ASSETCATALOG_COMPILER_APPICON_NAME = AppIcon;
				ASSETCATALOG_COMPILER_GLOBAL_ACCENT_COLOR_NAME = AccentColor;
				ASSETCATALOG_COMPILER_INCLUDE_ALL_APPICON_ASSETS = YES;
				CODE_SIGN_ENTITLEMENTS = orbit/Orbit.entitlements;
				CODE_SIGN_STYLE = Automatic;
				CURRENT_PROJECT_VERSION = 4;
				DEVELOPMENT_TEAM = AUEPCDGA5G;
				ENABLE_APP_SANDBOX = NO;
				ENABLE_HARDENED_RUNTIME = YES;
				ENABLE_PREVIEWS = YES;
				ENABLE_USER_SCRIPT_SANDBOXING = NO;
				GENERATE_INFOPLIST_FILE = YES;
				INFOPLIST_KEY_CFBundleDisplayName = Orbit;
				INFOPLIST_KEY_NSAppleEventsUsageDescription = "Orbit reads Mail to include emails in agent briefings. All processing happens locally.";
				INFOPLIST_KEY_NSCalendarsUsageDescription = "Orbit reads your calendar to build agent briefings. All processing happens locally.";
				INFOPLIST_KEY_NSRemindersUsageDescription = "Orbit reads your reminders to include them in agent workflows. All processing happens locally.";
				INFOPLIST_KEY_SUFeedURL = "https://raw.githubusercontent.com/keranm/orbit-release/main/appcast.xml";
				INFOPLIST_KEY_SUPublicEDKey = "0N8+0Z5XqMfyh0YH0stI9h7/7bf6qq0XmMzcQgXUzEQ=";
				LD_RUNPATH_SEARCH_PATHS = "@executable_path/Frameworks";
				"LD_RUNPATH_SEARCH_PATHS[sdk=macosx*]" = "@executable_path/../Frameworks";
				MACOSX_DEPLOYMENT_TARGET = 26.5;
				MARKETING_VERSION = "0.2.0-alpha";
				PRODUCT_BUNDLE_IDENTIFIER = com.keranmckenzie.orbit;
				PRODUCT_NAME = "$(TARGET_NAME)";
				REGISTER_APP_GROUPS = YES;
				SDKROOT = auto;
				STRING_CATALOG_GENERATE_SYMBOLS = YES;
				SUPPORTED_PLATFORMS = macosx;
				SUPPORTS_MACCATALYST = NO;
				SWIFT_APPROACHABLE_CONCURRENCY = YES;
				SWIFT_DEFAULT_ACTOR_ISOLATION = MainActor;
				SWIFT_EMIT_LOC_STRINGS = YES;
				SWIFT_UPCOMING_FEATURE_MEMBER_IMPORT_VISIBILITY = YES;
				SWIFT_VERSION = 5.0;
			};
			name = Debug;
		};
		062434852FBAD1910072DF1E /* Release */ = {
			isa = XCBuildConfiguration;
			buildSettings = {
				ASSETCATALOG_COMPILER_APPICON_NAME = AppIcon;
				ASSETCATALOG_COMPILER_GLOBAL_ACCENT_COLOR_NAME = AccentColor;
				ASSETCATALOG_COMPILER_INCLUDE_ALL_APPICON_ASSETS = YES;
				CODE_SIGN_ENTITLEMENTS = orbit/Orbit.entitlements;
				CODE_SIGN_STYLE = Automatic;
				CURRENT_PROJECT_VERSION = 4;
				DEVELOPMENT_TEAM = AUEPCDGA5G;
				ENABLE_APP_SANDBOX = NO;
				ENABLE_HARDENED_RUNTIME = YES;
				ENABLE_PREVIEWS = YES;
				ENABLE_USER_SCRIPT_SANDBOXING = NO;
				EXCLUDED_ARCHS = x86_64;
				GENERATE_INFOPLIST_FILE = YES;
				INFOPLIST_KEY_CFBundleDisplayName = Orbit;
				INFOPLIST_KEY_NSAppleEventsUsageDescription = "Orbit reads Mail to include emails in agent briefings. All processing happens locally.";
				INFOPLIST_KEY_NSCalendarsUsageDescription = "Orbit reads your calendar to build agent briefings. All processing happens locally.";
				INFOPLIST_KEY_NSRemindersUsageDescription = "Orbit reads your reminders to include them in agent workflows. All processing happens locally.";
				INFOPLIST_KEY_SUFeedURL = "https://raw.githubusercontent.com/keranm/orbit-release/main/appcast.xml";
				INFOPLIST_KEY_SUPublicEDKey = "0N8+0Z5XqMfyh0YH0stI9h7/7bf6qq0XmMzcQgXUzEQ=";
				LD_RUNPATH_SEARCH_PATHS = "@executable_path/Frameworks";
				"LD_RUNPATH_SEARCH_PATHS[sdk=macosx*]" = "@executable_path/../Frameworks";
				MACOSX_DEPLOYMENT_TARGET = 26.5;
				MARKETING_VERSION = "0.2.0-alpha";
				PRODUCT_BUNDLE_IDENTIFIER = com.keranmckenzie.orbit;
				PRODUCT_NAME = "$(TARGET_NAME)";
				REGISTER_APP_GROUPS = YES;
				SDKROOT = auto;
				STRING_CATALOG_GENERATE_SYMBOLS = YES;
				SUPPORTED_PLATFORMS = macosx;
				SUPPORTS_MACCATALYST = NO;
				SWIFT_APPROACHABLE_CONCURRENCY = YES;
				SWIFT_DEFAULT_ACTOR_ISOLATION = MainActor;
				SWIFT_EMIT_LOC_STRINGS = YES;
				SWIFT_UPCOMING_FEATURE_MEMBER_IMPORT_VISIBILITY = YES;
				SWIFT_VERSION = 5.0;
			};
			name = Release;
		};
		A1B2C3D4E5F60008A1B2C3D4 /* Debug */ = {
			isa = XCBuildConfiguration;
			buildSettings = {
				BUNDLE_LOADER = "$(TEST_HOST)";
				CODE_SIGN_STYLE = Automatic;
				CURRENT_PROJECT_VERSION = 4;
				GENERATE_INFOPLIST_FILE = YES;
				LD_RUNPATH_SEARCH_PATHS = "@executable_path/../Frameworks";
				MACOSX_DEPLOYMENT_TARGET = 26.5;
				MARKETING_VERSION = "0.2.0-alpha";
				PRODUCT_BUNDLE_IDENTIFIER = com.keranmckenzie.OrbitTests;
				PRODUCT_NAME = "$(TARGET_NAME)";
				SDKROOT = macosx;
				SWIFT_APPROACHABLE_CONCURRENCY = YES;
				SWIFT_DEFAULT_ACTOR_ISOLATION = MainActor;
				SWIFT_VERSION = 5.0;
				TEST_HOST = "$(BUILT_PRODUCTS_DIR)/orbit.app/Contents/MacOS/orbit";
			};
			name = Debug;
		};
		A1B2C3D4E5F60009A1B2C3D4 /* Release */ = {
			isa = XCBuildConfiguration;
			buildSettings = {
				BUNDLE_LOADER = "$(TEST_HOST)";
				CODE_SIGN_STYLE = Automatic;
				CURRENT_PROJECT_VERSION = 4;
				GENERATE_INFOPLIST_FILE = YES;
				LD_RUNPATH_SEARCH_PATHS = "@executable_path/../Frameworks";
				MACOSX_DEPLOYMENT_TARGET = 26.5;
				MARKETING_VERSION = "0.2.0-alpha";
				PRODUCT_BUNDLE_IDENTIFIER = com.keranmckenzie.OrbitTests;
				PRODUCT_NAME = "$(TARGET_NAME)";
				SDKROOT = macosx;
				SWIFT_APPROACHABLE_CONCURRENCY = YES;
				SWIFT_DEFAULT_ACTOR_ISOLATION = MainActor;
				SWIFT_VERSION = 5.0;
				TEST_HOST = "$(BUILT_PRODUCTS_DIR)/orbit.app/Contents/MacOS/orbit";
			};
			name = Release;
		};
		A1B2C3D4E5F60013A1B2C3D4 /* Debug */ = {
			isa = XCBuildConfiguration;
			buildSettings = {
				CODE_SIGN_STYLE = Automatic;
				CURRENT_PROJECT_VERSION = 4;
				GENERATE_INFOPLIST_FILE = YES;
				LD_RUNPATH_SEARCH_PATHS = "@executable_path/../Frameworks";
				MACOSX_DEPLOYMENT_TARGET = 26.5;
				MARKETING_VERSION = "0.2.0-alpha";
				PRODUCT_BUNDLE_IDENTIFIER = com.keranmckenzie.OrbitUITests;
				PRODUCT_NAME = "$(TARGET_NAME)";
				SDKROOT = macosx;
				SWIFT_APPROACHABLE_CONCURRENCY = YES;
				SWIFT_DEFAULT_ACTOR_ISOLATION = MainActor;
				SWIFT_VERSION = 5.0;
				TEST_TARGET_NAME = orbit;
			};
			name = Debug;
		};
		A1B2C3D4E5F60014A1B2C3D4 /* Release */ = {
			isa = XCBuildConfiguration;
			buildSettings = {
				CODE_SIGN_STYLE = Automatic;
				CURRENT_PROJECT_VERSION = 4;
				GENERATE_INFOPLIST_FILE = YES;
				LD_RUNPATH_SEARCH_PATHS = "@executable_path/../Frameworks";
				MACOSX_DEPLOYMENT_TARGET = 26.5;
				MARKETING_VERSION = "0.2.0-alpha";
				PRODUCT_BUNDLE_IDENTIFIER = com.keranmckenzie.OrbitUITests;
				PRODUCT_NAME = "$(TARGET_NAME)";
				SDKROOT = macosx;
				SWIFT_APPROACHABLE_CONCURRENCY = YES;
				SWIFT_DEFAULT_ACTOR_ISOLATION = MainActor;
				SWIFT_VERSION = 5.0;
				TEST_TARGET_NAME = orbit;
			};
			name = Release;
		};
/* End XCBuildConfiguration section */

/* Begin XCConfigurationList section */
		062434732FBAD1900072DF1E /* Build configuration list for PBXProject "orbit" */ = {
			isa = XCConfigurationList;
			buildConfigurations = (
				062434812FBAD1910072DF1E /* Debug */,
				062434822FBAD1910072DF1E /* Release */,
			);
			defaultConfigurationIsVisible = 0;
			defaultConfigurationName = Release;
		};
		062434832FBAD1910072DF1E /* Build configuration list for PBXNativeTarget "orbit" */ = {
			isa = XCConfigurationList;
			buildConfigurations = (
				062434842FBAD1910072DF1E /* Debug */,
				062434852FBAD1910072DF1E /* Release */,
			);
			defaultConfigurationIsVisible = 0;
			defaultConfigurationName = Release;
		};
		A1B2C3D4E5F6000AA1B2C3D4 /* Build configuration list for PBXNativeTarget "OrbitTests" */ = {
			isa = XCConfigurationList;
			buildConfigurations = (
				A1B2C3D4E5F60008A1B2C3D4 /* Debug */,
				A1B2C3D4E5F60009A1B2C3D4 /* Release */,
			);
			defaultConfigurationIsVisible = 0;
			defaultConfigurationName = Release;
		};
		A1B2C3D4E5F60015A1B2C3D4 /* Build configuration list for PBXNativeTarget "OrbitUITests" */ = {
			isa = XCConfigurationList;
			buildConfigurations = (
				A1B2C3D4E5F60013A1B2C3D4 /* Debug */,
				A1B2C3D4E5F60014A1B2C3D4 /* Release */,
			);
			defaultConfigurationIsVisible = 0;
			defaultConfigurationName = Release;
		};
/* End XCConfigurationList section */

/* Begin XCRemoteSwiftPackageReference section */
		ABCD1234ABCD1234ABCD1234 /* XCRemoteSwiftPackageReference "mesh-llm" */ = {
			isa = XCRemoteSwiftPackageReference;
			repositoryURL = "https://github.com/Mesh-LLM/mesh-llm";
			requirement = {
				kind = exactVersion;
				version = 0.67.0;
			};
		};
		DCBA4321DCBA4321DCBA4321 /* XCRemoteSwiftPackageReference "Sparkle" */ = {
			isa = XCRemoteSwiftPackageReference;
			repositoryURL = "https://github.com/sparkle-project/Sparkle";
			requirement = {
				kind = upToNextMajorVersion;
				minimumVersion = 2.9.0;
			};
		};
/* End XCRemoteSwiftPackageReference section */

/* Begin XCSwiftPackageProductDependency section */
		111122223333444455556666 /* MeshLLM */ = {
			isa = XCSwiftPackageProductDependency;
			package = ABCD1234ABCD1234ABCD1234 /* XCRemoteSwiftPackageReference "mesh-llm" */;
			productName = MeshLLM;
		};
		7777888899990000AAAABBBB /* Sparkle */ = {
			isa = XCSwiftPackageProductDependency;
			package = DCBA4321DCBA4321DCBA4321 /* XCRemoteSwiftPackageReference "Sparkle" */;
			productName = Sparkle;
		};
/* End XCSwiftPackageProductDependency section */
	};
	rootObject = 062434702FBAD1900072DF1E /* Project object */;
}
